{
  "requires": true,
  "lockfileVersion": 1,
  "dependencies": {
    "acorn": {
      "version": "8.2.4",
      "resolved": "https://registry.npmjs.org/acorn/-/acorn-8.2.4.tgz",
      "integrity": "sha512-Ibt84YwBDDA890eDiDCEqcbwvHlBvzzDkU2cGBBDDI1QWT12jTiXIOn2CIw5KK4i6N5Z2HUxwYjzriDyqaqqZg=="
    }
  }
}
